Microsoft Visual Studio Solution File, Format Version 12.00
# Visual Studio Version 17
VisualStudioVersion = 17.0.31903.59
MinimumVisualStudioVersion = 10.0.40219.1
Project("{FAE04EC0-301F-11D3-BF4B-00C04F79EFBC}") = "SchulteTable.Core", "SchulteTable.Core\SchulteTable.Core.csproj", "{49DA69DD-1EEC-471F-A15C-48D2593F1F2B}"
EndProject
Project("{FAE04EC0-301F-11D3-BF4B-00C04F79EFBC}") = "SchulteTable.Data", "SchulteTable.Data\SchulteTable.Data.csproj", "{52FF8C7C-E54D-495E-8F09-BBDD686E8118}"
EndProject
Project("{FAE04EC0-301F-11D3-BF4B-00C04F79EFBC}") = "SchulteTable.Maui", "SchulteTable.Maui\SchulteTable.Maui.csproj", "{FB144E40-A0CA-447C-AB26-77F2358139DC}"
EndProject
Global
	GlobalSection(SolutionConfigurationPlatforms) = preSolution
		Debug|Any CPU = Debug|Any CPU
		Debug|x64 = Debug|x64
		Debug|x86 = Debug|x86
		Release|Any CPU = Release|Any CPU
		Release|x64 = Release|x64
		Release|x86 = Release|x86
	EndGlobalSection
	GlobalSection(ProjectConfigurationPlatforms) = postSolution
		{49DA69DD-1EEC-471F-A15C-48D2593F1F2B}.Debug|Any CPU.ActiveCfg = Debug|Any CPU
		{49DA69DD-1EEC-471F-A15C-48D2593F1F2B}.Debug|Any CPU.Build.0 = Debug|Any CPU
		{49DA69DD-1EEC-471F-A15C-48D2593F1F2B}.Debug|x64.ActiveCfg = Debug|Any CPU
		{49DA69DD-1EEC-471F-A15C-48D2593F1F2B}.Debug|x64.Build.0 = Debug|Any CPU
		{49DA69DD-1EEC-471F-A15C-48D2593F1F2B}.Debug|x86.ActiveCfg = Debug|Any CPU
		{49DA69DD-1EEC-471F-A15C-48D2593F1F2B}.Debug|x86.Build.0 = Debug|Any CPU
		{49DA69DD-1EEC-471F-A15C-48D2593F1F2B}.Release|Any CPU.ActiveCfg = Release|Any CPU
		{49DA69DD-1EEC-471F-A15C-48D2593F1F2B}.Release|Any CPU.Build.0 = Release|Any CPU
		{49DA69DD-1EEC-471F-A15C-48D2593F1F2B}.Release|x64.ActiveCfg = Release|Any CPU
		{49DA69DD-1EEC-471F-A15C-48D2593F1F2B}.Release|x64.Build.0 = Release|Any CPU
		{49DA69DD-1EEC-471F-A15C-48D2593F1F2B}.Release|x86.ActiveCfg = Release|Any CPU
		{49DA69DD-1EEC-471F-A15C-48D2593F1F2B}.Release|x86.Build.0 = Release|Any CPU
		{52FF8C7C-E54D-495E-8F09-BBDD686E8118}.Debug|Any CPU.ActiveCfg = Debug|Any CPU
		{52FF8C7C-E54D-495E-8F09-BBDD686E8118}.Debug|Any CPU.Build.0 = Debug|Any CPU
		{52FF8C7C-E54D-495E-8F09-BBDD686E8118}.Debug|x64.ActiveCfg = Debug|Any CPU
		{52FF8C7C-E54D-495E-8F09-BBDD686E8118}.Debug|x64.Build.0 = Debug|Any CPU
		{52FF8C7C-E54D-495E-8F09-BBDD686E8118}.Debug|x86.ActiveCfg = Debug|Any CPU
		{52FF8C7C-E54D-495E-8F09-BBDD686E8118}.Debug|x86.Build.0 = Debug|Any CPU
		{52FF8C7C-E54D-495E-8F09-BBDD686E8118}.Release|Any CPU.ActiveCfg = Release|Any CPU
		{52FF8C7C-E54D-495E-8F09-BBDD686E8118}.Release|Any CPU.Build.0 = Release|Any CPU
		{52FF8C7C-E54D-495E-8F09-BBDD686E8118}.Release|x64.ActiveCfg = Release|Any CPU
		{52FF8C7C-E54D-495E-8F09-BBDD686E8118}.Release|x64.Build.0 = Release|Any CPU
		{52FF8C7C-E54D-495E-8F09-BBDD686E8118}.Release|x86.ActiveCfg = Release|Any CPU
		{52FF8C7C-E54D-495E-8F09-BBDD686E8118}.Release|x86.Build.0 = Release|Any CPU
		{FB144E40-A0CA-447C-AB26-77F2358139DC}.Debug|Any CPU.ActiveCfg = Debug|Any CPU
		{FB144E40-A0CA-447C-AB26-77F2358139DC}.Debug|Any CPU.Build.0 = Debug|Any CPU
		{FB144E40-A0CA-447C-AB26-77F2358139DC}.Debug|x64.ActiveCfg = Debug|Any CPU
		{FB144E40-A0CA-447C-AB26-77F2358139DC}.Debug|x64.Build.0 = Debug|Any CPU
		{FB144E40-A0CA-447C-AB26-77F2358139DC}.Debug|x86.ActiveCfg = Debug|Any CPU
		{FB144E40-A0CA-447C-AB26-77F2358139DC}.Debug|x86.Build.0 = Debug|Any CPU
		{FB144E40-A0CA-447C-AB26-77F2358139DC}.Release|Any CPU.ActiveCfg = Release|Any CPU
		{FB144E40-A0CA-447C-AB26-77F2358139DC}.Release|Any CPU.Build.0 = Release|Any CPU
		{FB144E40-A0CA-447C-AB26-77F2358139DC}.Release|x64.ActiveCfg = Release|Any CPU
		{FB144E40-A0CA-447C-AB26-77F2358139DC}.Release|x64.Build.0 = Release|Any CPU
		{FB144E40-A0CA-447C-AB26-77F2358139DC}.Release|x86.ActiveCfg = Release|Any CPU
		{FB144E40-A0CA-447C-AB26-77F2358139DC}.Release|x86.Build.0 = Release|Any CPU
	EndGlobalSection
	GlobalSection(SolutionProperties) = preSolution
		HideSolutionNode = FALSE
	EndGlobalSection
EndGlobal